{
  "lockfileVersion": 1,
  "configVersion": 0,
  "workspaces": {
    "": {
      "name": "judgeval",
      "dependencies": {
        "@opentelemetry/api": "^1.9.0",
        "@opentelemetry/core": "^2.7.1",
        "@opentelemetry/exporter-trace-otlp-http": "^0.218.0",
        "@opentelemetry/instrumentation": "^0.218.0",
        "@opentelemetry/otlp-transformer": "^0.218.0",
        "@opentelemetry/resources": "^2.7.1",
        "@opentelemetry/sdk-node": "^0.217.0",
        "@opentelemetry/sdk-trace-base": "^2.7.1",
        "@opentelemetry/sdk-trace-node": "^2.7.1",
        "@opentelemetry/sdk-trace-web": "^2.7.1",
        "picocolors": "^1.1.1",
      },
      "devDependencies": {
        "@types/bun": "^1.3.12",
        "openai": "^6.37.0",
        "oxlint": "^1.63.0",
        "prettier": "^3.8.3",
        "typescript": "^6.0.3",
      },
    },
  },
  "packages": {
    "@grpc/grpc-js": ["@grpc/grpc-js@1.14.4", "", { "dependencies": { "@grpc/proto-loader": "^0.8.0", "@js-sdsl/ordered-map": "^4.4.2" } }, "sha512-k9Dj3DV/itK9D06Y8f190Qgop7/Ui+D0njFV3LHMPwPT75DpXLQohE9Wmz0QElrJnzsjB7KPWiKJbOl7IPDArQ=="],

    "@grpc/proto-loader": ["@grpc/proto-loader@0.8.1", "", { "dependencies": { "lodash.camelcase": "^4.3.0", "long": "^5.0.0", "protobufjs": "^7.5.5", "yargs": "^17.7.2" }, "bin": { "proto-loader-gen-types": "build/bin/proto-loader-gen-types.js" } }, "sha512-wtF6h+DY6M3YaDBPAmvuuA6jV8Sif9MjtOI5euKFWRgCDl5PeDpPsHR9u2l6St5ceY8AZgoNDww5+HvEsXFsGg=="],

    "@js-sdsl/ordered-map": ["@js-sdsl/ordered-map@4.4.2", "", {}, "sha512-iUKgm52T8HOE/makSxjqoWhe95ZJA1/G1sYsGev2JDKUSS14KAgg1LHb+Ba+IPow0xflbnSkOsZcO08C7w1gYw=="],

    "@opentelemetry/api": ["@opentelemetry/api@1.9.1", "", {}, "sha512-gLyJlPHPZYdAk1JENA9LeHejZe1Ti77/pTeFm/nMXmQH/HFZlcS/O2XJB+L8fkbrNSqhdtlvjBVjxwUYanNH5Q=="],

    "@opentelemetry/api-logs": ["@opentelemetry/api-logs@0.218.0", "", { "dependencies": { "@opentelemetry/api": "^1.3.0" } }, "sha512-fmEWp5kXlGEc3i/lR698Hz41DfGyN4Tbe4g7L1AxSc7fF8Xeh/FQ9Quqpa9dVA413Q1Ad43QOLzU4JoXgbFPWw=="],

    "@opentelemetry/configuration": ["@opentelemetry/configuration@0.217.0", "", { "dependencies": { "@opentelemetry/core": "2.7.1", "yaml": "^2.0.0" }, "peerDependencies": { "@opentelemetry/api": "^1.9.0" } }, "sha512-xCtrYOhBqdy6ZOMfe0Oa73ZKF+2LMhoOv4L5vmwAHVvOXUg+V3fvKuEIr9ZyD0Ow+vxllEjWO6PV1wd0DOtyvw=="],

    "@opentelemetry/context-async-hooks": ["@opentelemetry/context-async-hooks@2.7.1", "", { "peerDependencies": { "@opentelemetry/api": ">=1.0.0 <1.10.0" } }, "sha512-OPFBYuXEn1E4ja3Y6eeA7O+ZnLBNcXTV5Cgsn1VaqBZ6hC5FnpZPLBNme1LJY8ZtF4aOujPKFoeWN4ik487KuQ=="],

    "@opentelemetry/core": ["@opentelemetry/core@2.7.1", "", { "dependencies": { "@opentelemetry/semantic-conventions": "^1.29.0" }, "peerDependencies": { "@opentelemetry/api": ">=1.0.0 <1.10.0" } }, "sha512-QAqIj32AtK6+pEVNG7EOVxHdE06RP+FM5qpiEJ4RtDcFIqKUZHYhl7/7UY5efhwmwNAg7j8QbJVBLxMerc0+gw=="],

    "@opentelemetry/exporter-logs-otlp-grpc": ["@opentelemetry/exporter-logs-otlp-grpc@0.217.0", "", { "dependencies": { "@grpc/grpc-js": "^1.14.3", "@opentelemetry/core": "2.7.1", "@opentelemetry/otlp-exporter-base": "0.217.0", "@opentelemetry/otlp-grpc-exporter-base": "0.217.0", "@opentelemetry/otlp-transformer": "0.217.0", "@opentelemetry/sdk-logs": "0.217.0" }, "peerDependencies": { "@opentelemetry/api": "^1.3.0" } }, "sha512-vC5S0Dc+noxD86CVtNu1+awCHPA5Kewi1Sg23ps+9lh4YifwsKXh3pe4XTNEKtUJiAcjpJ5dqStGakLbrSE+YQ=="],

    "@opentelemetry/exporter-logs-otlp-http": ["@opentelemetry/exporter-logs-otlp-http@0.217.0", "", { "dependencies": { "@opentelemetry/api-logs": "0.217.0", "@opentelemetry/core": "2.7.1", "@opentelemetry/otlp-exporter-base": "0.217.0", "@opentelemetry/otlp-transformer": "0.217.0", "@opentelemetry/sdk-logs": "0.217.0" }, "peerDependencies": { "@opentelemetry/api": "^1.3.0" } }, "sha512-KfLAdt1uilVE+3FxbgVnp2ZrzqbIawzcesnRoi+Kh9ckB5Ld5D8btUgoBvwTbdmuNx1j6b132Wsh72azq+pPNQ=="],

    "@opentelemetry/exporter-logs-otlp-proto": ["@opentelemetry/exporter-logs-otlp-proto@0.217.0", "", { "dependencies": { "@opentelemetry/api-logs": "0.217.0", "@opentelemetry/core": "2.7.1", "@opentelemetry/otlp-exporter-base": "0.217.0", "@opentelemetry/otlp-transformer": "0.217.0", "@opentelemetry/resources": "2.7.1", "@opentelemetry/sdk-logs": "0.217.0", "@opentelemetry/sdk-trace-base": "2.7.1" }, "peerDependencies": { "@opentelemetry/api": "^1.3.0" } }, "sha512-Se0GG/ZO24mQTlQj7zprR4pNI0nKe4lPDPBsuJmi6508b9TlZEuUd3EfyuHk6oJxzL7fGyDFYAbxNigQvRP2ZQ=="],

    "@opentelemetry/exporter-metrics-otlp-grpc": ["@opentelemetry/exporter-metrics-otlp-grpc@0.217.0", "", { "dependencies": { "@grpc/grpc-js": "^1.14.3", "@opentelemetry/core": "2.7.1", "@opentelemetry/exporter-metrics-otlp-http": "0.217.0", "@opentelemetry/otlp-exporter-base": "0.217.0", "@opentelemetry/otlp-grpc-exporter-base": "0.217.0", "@opentelemetry/otlp-transformer": "0.217.0", "@opentelemetry/resources": "2.7.1", "@opentelemetry/sdk-metrics": "2.7.1" }, "peerDependencies": { "@opentelemetry/api": "^1.3.0" } }, "sha512-0GpJKnCoVaVA1rKBMVPHziznfOQlXgH72S9ktjBAF1AnAVPzX7vVEBGrhwiSxxHDAiefXk+J8znApsMb/K6Z3w=="],

    "@opentelemetry/exporter-metrics-otlp-http": ["@opentelemetry/exporter-metrics-otlp-http@0.217.0", "", { "dependencies": { "@opentelemetry/core": "2.7.1", "@opentelemetry/otlp-exporter-base": "0.217.0", "@opentelemetry/otlp-transformer": "0.217.0", "@opentelemetry/resources": "2.7.1", "@opentelemetry/sdk-metrics": "2.7.1" }, "peerDependencies": { "@opentelemetry/api": "^1.3.0" } }, "sha512-1zkMzzhiNJdVmLxuwkltqWGw4fOOam47bqRxmuQNjyKJe/9NmY5cIrZ4kiQV7sVGxoOgT0ZvGUfLcjvtpC/b9Q=="],

    "@opentelemetry/exporter-metrics-otlp-proto": ["@opentelemetry/exporter-metrics-otlp-proto@0.217.0", "", { "dependencies": { "@opentelemetry/core": "2.7.1", "@opentelemetry/exporter-metrics-otlp-http": "0.217.0", "@opentelemetry/otlp-exporter-base": "0.217.0", "@opentelemetry/otlp-transformer": "0.217.0", "@opentelemetry/resources": "2.7.1", "@opentelemetry/sdk-metrics": "2.7.1" }, "peerDependencies": { "@opentelemetry/api": "^1.3.0" } }, "sha512-nfxt/KxVGFkjkO/M+58y1ugHu/dwPtxG4eYq0KApcQ7xk5CHzhdn+IuLZfDSvNDrJ3Uy5q++Fj/wbK7i8yryfQ=="],

    "@opentelemetry/exporter-prometheus": ["@opentelemetry/exporter-prometheus@0.217.0", "", { "dependencies": { "@opentelemetry/core": "2.7.1", "@opentelemetry/resources": "2.7.1", "@opentelemetry/sdk-metrics": "2.7.1", "@opentelemetry/semantic-conventions": "^1.29.0" }, "peerDependencies": { "@opentelemetry/api": "^1.3.0" } }, "sha512-U9MCXxJu0sBCh5aEkylYRR4xVIL8D1CW6dGwvYXbfFr0qveSorfD0XJchCAWoW6QfAAIcY/yxjf4Dj8OgkHBPw=="],

    "@opentelemetry/exporter-trace-otlp-grpc": ["@opentelemetry/exporter-trace-otlp-grpc@0.217.0", "", { "dependencies": { "@grpc/grpc-js": "^1.14.3", "@opentelemetry/core": "2.7.1", "@opentelemetry/otlp-exporter-base": "0.217.0", "@opentelemetry/otlp-grpc-exporter-base": "0.217.0", "@opentelemetry/otlp-transformer": "0.217.0", "@opentelemetry/resources": "2.7.1", "@opentelemetry/sdk-trace-base": "2.7.1" }, "peerDependencies": { "@opentelemetry/api": "^1.3.0" } }, "sha512-fPZs2fw7veLH3pEKu8vSepUa2fQpAE2P7al6qU10aH9GrEJJ8YaPgsd5xON7by5rbcEVS71FOU2aWyK6nzB7VQ=="],

    "@opentelemetry/exporter-trace-otlp-http": ["@opentelemetry/exporter-trace-otlp-http@0.218.0", "", { "dependencies": { "@opentelemetry/core": "2.7.1", "@opentelemetry/otlp-exporter-base": "0.218.0", "@opentelemetry/otlp-transformer": "0.218.0", "@opentelemetry/resources": "2.7.1", "@opentelemetry/sdk-trace-base": "2.7.1" }, "peerDependencies": { "@opentelemetry/api": "^1.3.0" } }, "sha512-8dqezsmPhtKitIK/eTipZhYl9EX2/gNQ5zUMhaz3uxEURwfkNf8IPvo6yNfrzbxdtpAOybS/+h7wmIWYqFSpiw=="],

    "@opentelemetry/exporter-trace-otlp-proto": ["@opentelemetry/exporter-trace-otlp-proto@0.217.0", "", { "dependencies": { "@opentelemetry/core": "2.7.1", "@opentelemetry/otlp-exporter-base": "0.217.0", "@opentelemetry/otlp-transformer": "0.217.0", "@opentelemetry/resources": "2.7.1", "@opentelemetry/sdk-trace-base": "2.7.1" }, "peerDependencies": { "@opentelemetry/api": "^1.3.0" } }, "sha512-nPV8gKHUiSuTZpQcnZU3/pBlK7crSyEGpZuh5MtWySB0vv6NNG0QvvfKitQt+Fc2Mc6qfyU54KlZcurwoTbrVg=="],

    "@opentelemetry/exporter-zipkin": ["@opentelemetry/exporter-zipkin@2.7.1", "", { "dependencies": { "@opentelemetry/core": "2.7.1", "@opentelemetry/resources": "2.7.1", "@opentelemetry/sdk-trace-base": "2.7.1", "@opentelemetry/semantic-conventions": "^1.29.0" }, "peerDependencies": { "@opentelemetry/api": "^1.0.0" } }, "sha512-mfsD9bKAxcKrh5+y08TPodvClBO0CznBE3p79YAGnO81WI4LrdsGA65T53e4iTSbCalW4WaUpkbeJcbpyIUHfg=="],

    "@opentelemetry/instrumentation": ["@opentelemetry/instrumentation@0.218.0", "", { "dependencies": { "@opentelemetry/api-logs": "0.218.0", "import-in-the-middle": "^3.0.0", "require-in-the-middle": "^8.0.0" }, "peerDependencies": { "@opentelemetry/api": "^1.3.0" } }, "sha512-mIZil8Es+sYDK5m+DQiwAwF57F14TF2YlEqvIjZ/RQWcxDBwRGsKfdK2Tv65OU9meQKCMzSIFS9mxAcnAb6Bkg=="],

    "@opentelemetry/otlp-exporter-base": ["@opentelemetry/otlp-exporter-base@0.218.0", "", { "dependencies": { "@opentelemetry/core": "2.7.1", "@opentelemetry/otlp-transformer": "0.218.0" }, "peerDependencies": { "@opentelemetry/api": "^1.3.0" } }, "sha512-ZwqpkNL5W7RyGJPDZ9g06DvKp8KFTWPJPN12anpMQYSKpTSU0z3EIZuPq9vPGpS8siFyOqDYDAuCwlNO9FqgbA=="],

    "@opentelemetry/otlp-grpc-exporter-base": ["@opentelemetry/otlp-grpc-exporter-base@0.217.0", "", { "dependencies": { "@grpc/grpc-js": "^1.14.3", "@opentelemetry/core": "2.7.1", "@opentelemetry/otlp-exporter-base": "0.217.0", "@opentelemetry/otlp-transformer": "0.217.0" }, "peerDependencies": { "@opentelemetry/api": "^1.3.0" } }, "sha512-7RTAdZuOsCDnsyqTCG4+bDzrfnsWdzkRs7z0AVi/V3tEQx0oKeyc+OuRWYxnRsmaJXgxcmB8vb/lfxn58Dj6Ag=="],

    "@opentelemetry/otlp-transformer": ["@opentelemetry/otlp-transformer@0.218.0", "", { "dependencies": { "@opentelemetry/api-logs": "0.218.0", "@opentelemetry/core": "2.7.1", "@opentelemetry/resources": "2.7.1", "@opentelemetry/sdk-logs": "0.218.0", "@opentelemetry/sdk-metrics": "2.7.1", "@opentelemetry/sdk-trace-base": "2.7.1" }, "peerDependencies": { "@opentelemetry/api": "^1.3.0" } }, "sha512-CFaKH87WAzjuJ4awowTTLzUvMfaRfiOFG5+qm5S5ncyalRtN4ecQ+YmuANJSCrVPuvZFEkUgKhBPBndxi3rHsQ=="],

    "@opentelemetry/propagator-b3": ["@opentelemetry/propagator-b3@2.7.1", "", { "dependencies": { "@opentelemetry/core": "2.7.1" }, "peerDependencies": { "@opentelemetry/api": ">=1.0.0 <1.10.0" } }, "sha512-RJid6E2CKyeGfKBzXKF21ejabGMHypFkPAh3qZ+NvI+SGjuIye79t3PmiqcDgtRzdKH6ynXzbfslQ8DfpRUg2A=="],

    "@opentelemetry/propagator-jaeger": ["@opentelemetry/propagator-jaeger@2.7.1", "", { "dependencies": { "@opentelemetry/core": "2.7.1" }, "peerDependencies": { "@opentelemetry/api": ">=1.0.0 <1.10.0" } }, "sha512-KMjVBHzP4N60bOzxja76M1F1hZZ43lGPga5ix+mkv9+kk1nx9SbkxSvJsMbuVUxdPQmsPTqGShmhN8ulrMOg6Q=="],

    "@opentelemetry/resources": ["@opentelemetry/resources@2.7.1", "", { "dependencies": { "@opentelemetry/core": "2.7.1", "@opentelemetry/semantic-conventions": "^1.29.0" }, "peerDependencies": { "@opentelemetry/api": ">=1.3.0 <1.10.0" } }, "sha512-DeT6KKolmC4e/dRQvMQ/RwlnzhaqeiFOXY5ngoOPJ07GgVVKxZOg9EcrNZb5aTzUn+iCrJldAgOfQm1O/QfPAQ=="],

    "@opentelemetry/sdk-logs": ["@opentelemetry/sdk-logs@0.218.0", "", { "dependencies": { "@opentelemetry/api-logs": "0.218.0", "@opentelemetry/core": "2.7.1", "@opentelemetry/resources": "2.7.1", "@opentelemetry/semantic-conventions": "^1.29.0" }, "peerDependencies": { "@opentelemetry/api": ">=1.4.0 <1.10.0" } }, "sha512-QvnNdugatFTVCJXH0Mcu7GOOJSylA9j127kIezOE4YwTI4YbowRons2K4WZTv5FMS8T4q9P0NdaRHdkSmeAIag=="],

    "@opentelemetry/sdk-metrics": ["@opentelemetry/sdk-metrics@2.7.1", "", { "dependencies": { "@opentelemetry/core": "2.7.1", "@opentelemetry/resources": "2.7.1" }, "peerDependencies": { "@opentelemetry/api": ">=1.9.0 <1.10.0" } }, "sha512-MpDJdkiFDs3Pm1RHO3KByuZbuBdJEXEAkiC0+yJdsZGVCdf1RpHR6n+LHDcS7ffmfrt5kVCzJSCfm4z2C7v0uQ=="],

    "@opentelemetry/sdk-node": ["@opentelemetry/sdk-node@0.217.0", "", { "dependencies": { "@opentelemetry/api-logs": "0.217.0", "@opentelemetry/configuration": "0.217.0", "@opentelemetry/context-async-hooks": "2.7.1", "@opentelemetry/core": "2.7.1", "@opentelemetry/exporter-logs-otlp-grpc": "0.217.0", "@opentelemetry/exporter-logs-otlp-http": "0.217.0", "@opentelemetry/exporter-logs-otlp-proto": "0.217.0", "@opentelemetry/exporter-metrics-otlp-grpc": "0.217.0", "@opentelemetry/exporter-metrics-otlp-http": "0.217.0", "@opentelemetry/exporter-metrics-otlp-proto": "0.217.0", "@opentelemetry/exporter-prometheus": "0.217.0", "@opentelemetry/exporter-trace-otlp-grpc": "0.217.0", "@opentelemetry/exporter-trace-otlp-http": "0.217.0", "@opentelemetry/exporter-trace-otlp-proto": "0.217.0", "@opentelemetry/exporter-zipkin": "2.7.1", "@opentelemetry/instrumentation": "0.217.0", "@opentelemetry/otlp-exporter-base": "0.217.0", "@opentelemetry/propagator-b3": "2.7.1", "@opentelemetry/propagator-jaeger": "2.7.1", "@opentelemetry/resources": "2.7.1", "@opentelemetry/sdk-logs": "0.217.0", "@opentelemetry/sdk-metrics": "2.7.1", "@opentelemetry/sdk-trace-base": "2.7.1", "@opentelemetry/sdk-trace-node": "2.7.1", "@opentelemetry/semantic-conventions": "^1.29.0" }, "peerDependencies": { "@opentelemetry/api": ">=1.3.0 <1.10.0" } }, "sha512-K/60pSv42+NQiZKy1pAH18nYDkxltsDV4O3SJ233J0E9raU1ksyL9gsKuS8p30bYBb4AMPCfDuutHQaHYpcv0Q=="],

    "@opentelemetry/sdk-trace-base": ["@opentelemetry/sdk-trace-base@2.7.1", "", { "dependencies": { "@opentelemetry/core": "2.7.1", "@opentelemetry/resources": "2.7.1", "@opentelemetry/semantic-conventions": "^1.29.0" }, "peerDependencies": { "@opentelemetry/api": ">=1.3.0 <1.10.0" } }, "sha512-NAYIlsF8MPUsKqJMiDQJTMPOmlbawC1Iz/omMLygZ1C9am8fTKYjTaI+OZM+WTY3t3Glo0wnOg/6/pac6RGPPw=="],

    "@opentelemetry/sdk-trace-node": ["@opentelemetry/sdk-trace-node@2.7.1", "", { "dependencies": { "@opentelemetry/context-async-hooks": "2.7.1", "@opentelemetry/core": "2.7.1", "@opentelemetry/sdk-trace-base": "2.7.1" }, "peerDependencies": { "@opentelemetry/api": ">=1.0.0 <1.10.0" } }, "sha512-pCpQxU68lV+I9s9svqMyVu5iHdDDUnqUpSxqwyCU8A9ejEsSnMPCbearwsUO4yk08ZJzAIUCFuReMdVQvHrdvg=="],

    "@opentelemetry/sdk-trace-web": ["@opentelemetry/sdk-trace-web@2.7.1", "", { "dependencies": { "@opentelemetry/core": "2.7.1", "@opentelemetry/sdk-trace-base": "2.7.1" }, "peerDependencies": { "@opentelemetry/api": ">=1.0.0 <1.10.0" } }, "sha512-K806OouCSOjMd8Nr7+ZCq3QT22tdAzzS/7h8vprfiKjkgFQ99/dvwU8d12WJANA6D5Qtme65hyBAqAu9CkQuxQ=="],

    "@opentelemetry/semantic-conventions": ["@opentelemetry/semantic-conventions@1.37.0", "", {}, "sha512-JD6DerIKdJGmRp4jQyX5FlrQjA4tjOw1cvfsPAZXfOOEErMUHjPcPSICS+6WnM0nB0efSFARh0KAZss+bvExOA=="],

    "@oxlint/binding-android-arm-eabi": ["@oxlint/binding-android-arm-eabi@1.65.0", "", { "os": "android", "cpu": "arm" }, "sha512-jDVaGNURT5pEA9qcabh6WusIoBNybOMMDPCx+EFt+gxo6rVvoUf0+73Xy5x81+ZrxU+ewk5uRBYifjy5pgkcnA=="],

    "@oxlint/binding-android-arm64": ["@oxlint/binding-android-arm64@1.65.0", "", { "os": "android", "cpu": "arm64" }, "sha512-v0z80IWNA7c9RhUydq9YprBxCVZrQ6Ixls2tdxUC1F/1FFqSfa7xTX+EJf0mj6+BKRg2zWXqWfcbJUnETlLlIw=="],

    "@oxlint/binding-darwin-arm64": ["@oxlint/binding-darwin-arm64@1.65.0", "", { "os": "darwin", "cpu": "arm64" }, "sha512-pL/mG/5gMzBwp1gdc5+Cwi87F9j3XRnPxHGyVj5Zd+dCEV5YkKt0L70PB3EGmEEHxgn4H+jnMS3xLuXs6mZW/Q=="],

    "@oxlint/binding-darwin-x64": ["@oxlint/binding-darwin-x64@1.65.0", "", { "os": "darwin", "cpu": "x64" }, "sha512-jVTneaeuHtqTrKYnhrdH1buhnSorinvpy1sv43ayclfWx/e/DfdRWv+h1fopJcHQbYr5WMcZMmDvnfEBkPZ+1A=="],

    "@oxlint/binding-freebsd-x64": ["@oxlint/binding-freebsd-x64@1.65.0", "", { "os": "freebsd", "cpu": "x64" }, "sha512-8lJQ7B6RloYDUhwVdbSpwT2eKsCN5KP1Scn18ly1tytCuhXhbs0nkfKHT4jWWZBJqmynWuzd+78bF7wILrj6pw=="],

    "@oxlint/binding-linux-arm-gnueabihf": ["@oxlint/binding-linux-arm-gnueabihf@1.65.0", "", { "os": "linux", "cpu": "arm" }, "sha512-EgmZY+DeWhLLEnNl70/49j3ltA8I6X9kxMfexupWi2Vwfp6RonGsBaHtGoedLolaU37ne7eDUgoxa3CFB95GZA=="],

    "@oxlint/binding-linux-arm-musleabihf": ["@oxlint/binding-linux-arm-musleabihf@1.65.0", "", { "os": "linux", "cpu": "arm" }, "sha512-OJMWmAYRVBCPPxnYr3j5sXRwHPh1bAuMlTStGco1Z8q3HkvSH4h+A10E9MiRNYmLhUuli5a2P5wmfj8cagiF5Q=="],

    "@oxlint/binding-linux-arm64-gnu": ["@oxlint/binding-linux-arm64-gnu@1.65.0", "", { "os": "linux", "cpu": "arm64" }, "sha512-D8uNi50LsYKgS0vGARZDRx05TBZeSxAVdLGddSEqQLSU7xsiqdImHPEw55xq8sKA5rCc/4au/5uS7FQALWdLCg=="],

    "@oxlint/binding-linux-arm64-musl": ["@oxlint/binding-linux-arm64-musl@1.65.0", "", { "os": "linux", "cpu": "arm64" }, "sha512-IpbA8QGbwFehQhO+YaHwmoI81f93xvywpspf8HrdPCWOIeKwYfM1dhVhO4YKfZewTRRQEPY/JFjTOXTgkwhKrA=="],

    "@oxlint/binding-linux-ppc64-gnu": ["@oxlint/binding-linux-ppc64-gnu@1.65.0", "", { "os": "linux", "cpu": "ppc64" }, "sha512-ZSe8HgaZdgyHSv2+/pTG68z10+OarB18CkFKQOhRs3lmmP/p2vuigedK2e9d0ztoG2DU/duJzhxXBSjy/492HQ=="],

    "@oxlint/binding-linux-riscv64-gnu": ["@oxlint/binding-linux-riscv64-gnu@1.65.0", "", { "os": "linux", "cpu": "none" }, "sha512-DcTERf++v6HyPHukKAr0JFTRqB+YeDEvqzRgNDMaz7jITPf+tlJIwRxodlAqoXMYhNVEZhXdQM5RAAYH8/oPuw=="],

    "@oxlint/binding-linux-riscv64-musl": ["@oxlint/binding-linux-riscv64-musl@1.65.0", "", { "os": "linux", "cpu": "none" }, "sha512-xjhMwuFJwRh40NOBzol4gM5gqAa0xPCJU+GQLM6BydV8TbfkIA7JeyCFNhyfbE9Q/5EWcKYTx62R0cRcjP7DAA=="],

    "@oxlint/binding-linux-s390x-gnu": ["@oxlint/binding-linux-s390x-gnu@1.65.0", "", { "os": "linux", "cpu": "s390x" }, "sha512-lrWSXb8JzboPWYBG6Kunt/eemvjo2oCFXktShsm3yMToY7HjzKLjxh7CljSvGnnZH9oohNFHOKc9xYpGKCPm6w=="],

    "@oxlint/binding-linux-x64-gnu": ["@oxlint/binding-linux-x64-gnu@1.65.0", "", { "os": "linux", "cpu": "x64" }, "sha512-A7xfghw250m4a1sPV+q44Mow2G5bhiC9FBvhAuIhJS6QovWnqzuL5AFQPEuwOB+PM4DhABkqxVa3Iwe3Y/nFlQ=="],

    "@oxlint/binding-linux-x64-musl": ["@oxlint/binding-linux-x64-musl@1.65.0", "", { "os": "linux", "cpu": "x64" }, "sha512-reqOun1+pWO3fW6cv7bsa8hHG0TN3t/82qPdaoJo90FwugXiMjKhZMChmH5Z01cFNRHmxN4+543Fy8478cM/iA=="],

    "@oxlint/binding-openharmony-arm64": ["@oxlint/binding-openharmony-arm64@1.65.0", "", { "os": "none", "cpu": "arm64" }, "sha512-KQpqOb/juDBO0xyloDkVDhOVxDUgAfZ2OAAVq99TJScJDzT319xry1QzB9LQohV9QGnA7p6m/XATZkMXc84lwA=="],

    "@oxlint/binding-win32-arm64-msvc": ["@oxlint/binding-win32-arm64-msvc@1.65.0", "", { "os": "win32", "cpu": "arm64" }, "sha512-xfqcOc3nJFeAd1kDY4T9d3XeJIhr00twaaW0kOAzGPyUHkruXtNJv6zz1Ra9fRtSek5VpW2Yoj5AcwPIlT0ZiQ=="],

    "@oxlint/binding-win32-ia32-msvc": ["@oxlint/binding-win32-ia32-msvc@1.65.0", "", { "os": "win32", "cpu": "ia32" }, "sha512-JV+pXm45p8sdgs3c7LOPAohW23optCNZETFOXUcjn6cS4PYZhEU/RI54Z5dHdMudab3nw7T48PZILthM+Q0COQ=="],

    "@oxlint/binding-win32-x64-msvc": ["@oxlint/binding-win32-x64-msvc@1.65.0", "", { "os": "win32", "cpu": "x64" }, "sha512-D7L/oBbskLss21bYrRbFuIs81AiSQV+wRzwck54dOkHIlq2qu1xjLz8u6jCqGH8Fltk8bB5DLBpVhE7v/fA8XQ=="],

    "@protobufjs/aspromise": ["@protobufjs/aspromise@1.1.2", "", {}, "sha512-j+gKExEuLmKwvz3OgROXtrJ2UG2x8Ch2YZUxahh+s1F2HZ+wAceUNLkvy6zKCPVRkU++ZWQrdxsUeQXmcg4uoQ=="],

    "@protobufjs/base64": ["@protobufjs/base64@1.1.2", "", {}, "sha512-AZkcAA5vnN/v4PDqKyMR5lx7hZttPDgClv83E//FMNhR2TMcLUhfRUBHCmSl0oi9zMgDDqRUJkSxO3wm85+XLg=="],

    "@protobufjs/codegen": ["@protobufjs/codegen@2.0.5", "", {}, "sha512-zgXFLzW3Ap33e6d0Wlj4MGIm6Ce8O89n/apUaGNB/jx+hw+ruWEp7EwGUshdLKVRCxZW12fp9r40E1mQrf/34g=="],

    "@protobufjs/eventemitter": ["@protobufjs/eventemitter@1.1.1", "", {}, "sha512-vW1GmwMZNnL+gMRaovlh9yZX74kc+TTU3FObkkurpMaRtBfLP3ldjS9KQWlwZgraRE0+dheEEoAxdzcJQ8eXZg=="],

    "@protobufjs/fetch": ["@protobufjs/fetch@1.1.1", "", { "dependencies": { "@protobufjs/aspromise": "^1.1.1" } }, "sha512-GpptLrs57adMSuHi3VNj0mAF8dwh36LMaYF6XyJ6JMWlVsc+t42tm1HSEDmOs3A8fC9yyeisgLhsTVQokOZ0zw=="],

    "@protobufjs/float": ["@protobufjs/float@1.0.2", "", {}, "sha512-Ddb+kVXlXst9d+R9PfTIxh1EdNkgoRe5tOX6t01f1lYWOvJnSPDBlG241QLzcyPdoNTsblLUdujGSE4RzrTZGQ=="],

    "@protobufjs/inquire": ["@protobufjs/inquire@1.1.2", "", {}, "sha512-pa0vFRuws4wkvaXKK1uXZMAwAX4/t8ANaJo45iw/oQHNQ9q5xUzwgFmVJGXiga2BeN+zpX7Vf9vmsiIa2J+MUw=="],

    "@protobufjs/path": ["@protobufjs/path@1.1.2", "", {}, "sha512-6JOcJ5Tm08dOHAbdR3GrvP+yUUfkjG5ePsHYczMFLq3ZmMkAD98cDgcT2iA1lJ9NVwFd4tH/iSSoe44YWkltEA=="],

    "@protobufjs/pool": ["@protobufjs/pool@1.1.0", "", {}, "sha512-0kELaGSIDBKvcgS4zkjz1PeddatrjYcmMWOlAuAPwAeccUrPHdUqo/J6LiymHHEiJT5NrF1UVwxY14f+fy4WQw=="],

    "@protobufjs/utf8": ["@protobufjs/utf8@1.1.1", "", {}, "sha512-oOAWABowe8EAbMyWKM0tYDKi8Yaox52D+HWZhAIJqQXbqe0xI/GV7FhLWqlEKreMkfDjshR5FKgi3mnle0h6Eg=="],

    "@types/bun": ["@types/bun@1.3.14", "", { "dependencies": { "bun-types": "1.3.14" } }, "sha512-h1hFqFVcvAvD9j9K7ZW7vd82aSA+rTdznZa+5bwvCwqSB1jmmfLcbIWhOLx1/+boy/xmjgCs/OMUL8hRJSmnPw=="],

    "@types/node": ["@types/node@24.10.1", "", { "dependencies": { "undici-types": "~7.16.0" } }, "sha512-GNWcUTRBgIRJD5zj+Tq0fKOJ5XZajIiBroOF0yvj2bSU1WvNdYS/dn9UxwsujGW4JX06dnHyjV2y9rRaybH0iQ=="],

    "acorn": ["acorn@8.15.0", "", { "bin": { "acorn": "bin/acorn" } }, "sha512-NZyJarBfL7nWwIq+FDL6Zp/yHEhePMNnnJ0y3qfieCrmNvYct8uvtiV41UvlSe6apAfk0fY1FbWx+NwfmpvtTg=="],

    "acorn-import-attributes": ["acorn-import-attributes@1.9.5", "", { "peerDependencies": { "acorn": "^8" } }, "sha512-n02Vykv5uA3eHGM/Z2dQrcD56kL8TyDb2p1+0P83PClMnC/nc+anbQRhIOWnSq4Ke/KvDPrY3C9hDtC/A3eHnQ=="],

    "ansi-regex": ["ansi-regex@5.0.1", "", {}, "sha512-quJQXlTSUGL2LH9SUXo8VwsY4soanhgo6LNSm84E1LBcE8s3O0wpdiRzyR9z/ZZJMlMWv37qOOb9pdJlMUEKFQ=="],

    "ansi-styles": ["ansi-styles@4.3.0", "", { "dependencies": { "color-convert": "^2.0.1" } }, "sha512-zbB9rCJAT1rbjiVDb2hqKFHNYLxgtk8NURxZ3IZwD3F6NtxbXZQCnnSi1Lkx+IDohdPlFp222wVALIheZJQSEg=="],

    "bun-types": ["bun-types@1.3.14", "", { "dependencies": { "@types/node": "*" } }, "sha512-4N0ig0fEomHt5R0KCFWjovxow98rIoRwKolrYdCcknNwMekCXRnWEUvgu5soYV8QXtVsrUD8B95MBOZGPvr6KQ=="],

    "cjs-module-lexer": ["cjs-module-lexer@2.2.0", "", {}, "sha512-4bHTS2YuzUvtoLjdy+98ykbNB5jS0+07EvFNXerqZQJ89F7DI6ET7OQo/HJuW6K0aVsKA9hj9/RVb2kQVOrPDQ=="],

    "cliui": ["cliui@8.0.1", "", { "dependencies": { "string-width": "^4.2.0", "strip-ansi": "^6.0.1", "wrap-ansi": "^7.0.0" } }, "sha512-BSeNnyus75C4//NQ9gQt1/csTXyo/8Sb+afLAkzAptFuMsod9HFokGNudZpi/oQV73hnVK+sR+5PVRMd+Dr7YQ=="],

    "color-convert": ["color-convert@2.0.1", "", { "dependencies": { "color-name": "~1.1.4" } }, "sha512-RRECPsj7iu/xb5oKYcsFHSppFNnsj/52OVTRKb4zP5onXwVF3zVmmToNcOfGC+CRDpfK/U584fMg38ZHCaElKQ=="],

    "color-name": ["color-name@1.1.4", "", {}, "sha512-dOy+3AuW3a2wNbZHIuMZpTcgjGuLU/uBL/ubcZF9OXbDo8ff4O8yVp5Bf0efS8uEoYo5q4Fx7dY9OgQGXgAsQA=="],

    "debug": ["debug@4.4.3", "", { "dependencies": { "ms": "^2.1.3" } }, "sha512-RGwwWnwQvkVfavKVt22FGLw+xYSdzARwm0ru6DhTVA3umU5hZc28V3kO4stgYryrTlLpuvgI9GiijltAjNbcqA=="],

    "emoji-regex": ["emoji-regex@8.0.0", "", {}, "sha512-MSjYzcWNOA0ewAHpz0MxpYFvwg6yjy1NG3xteoqz644VCo/RPgnr1/GGt+ic3iJTzQ8Eu3TdM14SawnVUmGE6A=="],

    "escalade": ["escalade@3.2.0", "", {}, "sha512-WUj2qlxaQtO4g6Pq5c29GTcWGDyd8itL8zTlipgECz3JesAiiOKotd8JU6otB3PACgG6xkJUyVhboMS+bje/jA=="],

    "get-caller-file": ["get-caller-file@2.0.5", "", {}, "sha512-DyFP3BM/3YHTQOCUL/w0OZHR0lpKeGrxotcHWcqNEdnltqFwXVfhEBQ94eIo34AfQpo0rGki4cyIiftY06h2Fg=="],

    "import-in-the-middle": ["import-in-the-middle@3.0.1", "", { "dependencies": { "acorn": "^8.15.0", "acorn-import-attributes": "^1.9.5", "cjs-module-lexer": "^2.2.0", "module-details-from-path": "^1.0.4" } }, "sha512-pYkiyXVL2Mf3pozdlDGV6NAObxQx13Ae8knZk1UJRJ6uRW/ZRmTGHlQYtrsSl7ubuE5F8CD1z+s1n4RHNuTtuA=="],

    "is-fullwidth-code-point": ["is-fullwidth-code-point@3.0.0", "", {}, "sha512-zymm5+u+sCsSWyD9qNaejV3DFvhCKclKdizYaJUuHA83RLjb7nSuGnddCHGv0hk+KY7BMAlsWeK4Ueg6EV6XQg=="],

    "lodash.camelcase": ["lodash.camelcase@4.3.0", "", {}, "sha512-TwuEnCnxbc3rAvhf/LbG7tJUDzhqXyFnv3dtzLOPgCG/hODL7WFnsbwktkD7yUV0RrreP/l1PALq/YSg6VvjlA=="],

    "long": ["long@5.3.2", "", {}, "sha512-mNAgZ1GmyNhD7AuqnTG3/VQ26o760+ZYBPKjPvugO8+nLbYfX6TVpJPseBvopbdY+qpZ/lKUnmEc1LeZYS3QAA=="],

    "module-details-from-path": ["module-details-from-path@1.0.4", "", {}, "sha512-EGWKgxALGMgzvxYF1UyGTy0HXX/2vHLkw6+NvDKW2jypWbHpjQuj4UMcqQWXHERJhVGKikolT06G3bcKe4fi7w=="],

    "ms": ["ms@2.1.3", "", {}, "sha512-6FlzubTLZG3J2a/NVCAleEhjzq5oxgHyaCU9yYXvcLsvoVaHJq/s5xXI6/XXP6tz7R9xAOtHnSO/tXtF3WRTlA=="],

    "openai": ["openai@6.38.0", "", { "peerDependencies": { "ws": "^8.18.0", "zod": "^3.25 || ^4.0" }, "optionalPeers": ["ws", "zod"], "bin": { "openai": "bin/cli" } }, "sha512-AoMplt2UalrpgUDMh3L09QWjNRlgJPipclQvA6sYAaeF6nHNBMgmikAZGmcYLn8on4d9sQY9Q8bOLfrBS7Lc8g=="],

    "oxlint": ["oxlint@1.65.0", "", { "optionalDependencies": { "@oxlint/binding-android-arm-eabi": "1.65.0", "@oxlint/binding-android-arm64": "1.65.0", "@oxlint/binding-darwin-arm64": "1.65.0", "@oxlint/binding-darwin-x64": "1.65.0", "@oxlint/binding-freebsd-x64": "1.65.0", "@oxlint/binding-linux-arm-gnueabihf": "1.65.0", "@oxlint/binding-linux-arm-musleabihf": "1.65.0", "@oxlint/binding-linux-arm64-gnu": "1.65.0", "@oxlint/binding-linux-arm64-musl": "1.65.0", "@oxlint/binding-linux-ppc64-gnu": "1.65.0", "@oxlint/binding-linux-riscv64-gnu": "1.65.0", "@oxlint/binding-linux-riscv64-musl": "1.65.0", "@oxlint/binding-linux-s390x-gnu": "1.65.0", "@oxlint/binding-linux-x64-gnu": "1.65.0", "@oxlint/binding-linux-x64-musl": "1.65.0", "@oxlint/binding-openharmony-arm64": "1.65.0", "@oxlint/binding-win32-arm64-msvc": "1.65.0", "@oxlint/binding-win32-ia32-msvc": "1.65.0", "@oxlint/binding-win32-x64-msvc": "1.65.0" }, "peerDependencies": { "oxlint-tsgolint": ">=0.22.1" }, "optionalPeers": ["oxlint-tsgolint"], "bin": { "oxlint": "bin/oxlint" } }, "sha512-ChUuE3Q7XnAbscvT4XLMsH7HFJmLgLVv9lu+RRgFL5wSXnDqUOzTp5IS8qWDBGd/ZDSzQ2tbX8fjAmijlGLC7A=="],

    "picocolors": ["picocolors@1.1.1", "", {}, "sha512-xceH2snhtb5M9liqDsmEw56le376mTZkEX/jEb/RxNFyegNul7eNslCXP9FDj/Lcu0X8KEyMceP2ntpaHrDEVA=="],

    "prettier": ["prettier@3.8.3", "", { "bin": { "prettier": "bin/prettier.cjs" } }, "sha512-7igPTM53cGHMW8xWuVTydi2KO233VFiTNyF5hLJqpilHfmn8C8gPf+PS7dUT64YcXFbiMGZxS9pCSxL/Dxm/Jw=="],

    "protobufjs": ["protobufjs@8.0.1", "", { "dependencies": { "@protobufjs/aspromise": "^1.1.2", "@protobufjs/base64": "^1.1.2", "@protobufjs/codegen": "^2.0.4", "@protobufjs/eventemitter": "^1.1.0", "@protobufjs/fetch": "^1.1.0", "@protobufjs/float": "^1.0.2", "@protobufjs/inquire": "^1.1.0", "@protobufjs/path": "^1.1.2", "@protobufjs/pool": "^1.1.0", "@protobufjs/utf8": "^1.1.0", "@types/node": ">=13.7.0", "long": "^5.0.0" } }, "sha512-NWWCCscLjs+cOKF/s/XVNFRW7Yih0fdH+9brffR5NZCy8k42yRdl5KlWKMVXuI1vfCoy4o1z80XR/W/QUb3V3w=="],

    "require-directory": ["require-directory@2.1.1", "", {}, "sha512-fGxEI7+wsG9xrvdjsrlmL22OMTTiHRwAMroiEeMgq8gzoLC/PQr7RsRDSTLUg/bZAZtF+TVIkHc6/4RIKrui+Q=="],

    "require-in-the-middle": ["require-in-the-middle@8.0.1", "", { "dependencies": { "debug": "^4.3.5", "module-details-from-path": "^1.0.3" } }, "sha512-QT7FVMXfWOYFbeRBF6nu+I6tr2Tf3u0q8RIEjNob/heKY/nh7drD/k7eeMFmSQgnTtCzLDcCu/XEnpW2wk4xCQ=="],

    "string-width": ["string-width@4.2.3", "", { "dependencies": { "emoji-regex": "^8.0.0", "is-fullwidth-code-point": "^3.0.0", "strip-ansi": "^6.0.1" } }, "sha512-wKyQRQpjJ0sIp62ErSZdGsjMJWsap5oRNihHhu6G7JVO/9jIB6UyevL+tXuOqrng8j/cxKTWyWUwvSTriiZz/g=="],

    "strip-ansi": ["strip-ansi@6.0.1", "", { "dependencies": { "ansi-regex": "^5.0.1" } }, "sha512-Y38VPSHcqkFrCpFnQ9vuSXmquuv5oXOKpGeT6aGrr3o3Gc9AlVa6JBfUSOCnbxGGZF+/0ooI7KrPuUSztUdU5A=="],

    "typescript": ["typescript@6.0.3", "", { "bin": { "tsc": "bin/tsc", "tsserver": "bin/tsserver" } }, "sha512-y2TvuxSZPDyQakkFRPZHKFm+KKVqIisdg9/CZwm9ftvKXLP8NRWj38/ODjNbr43SsoXqNuAisEf1GdCxqWcdBw=="],

    "undici-types": ["undici-types@7.16.0", "", {}, "sha512-Zz+aZWSj8LE6zoxD+xrjh4VfkIG8Ya6LvYkZqtUQGJPZjYl53ypCaUwWqo7eI0x66KBGeRo+mlBEkMSeSZ38Nw=="],

    "wrap-ansi": ["wrap-ansi@7.0.0", "", { "dependencies": { "ansi-styles": "^4.0.0", "string-width": "^4.1.0", "strip-ansi": "^6.0.0" } }, "sha512-YVGIj2kamLSTxw6NsZjoBxfSwsn0ycdesmc4p+Q21c5zPuZ1pl+NfxVdxPtdHvmNVOQ6XSYG4AUtyt/Fi7D16Q=="],

    "y18n": ["y18n@5.0.8", "", {}, "sha512-0pfFzegeDWJHJIAmTLRP2DwHjdF5s7jo9tuztdQxAhINCdvS+3nGINqPd00AphqJR/0LhANUS6/+7SCb98YOfA=="],

    "yaml": ["yaml@2.9.0", "", { "bin": { "yaml": "bin.mjs" } }, "sha512-2AvhNX3mb8zd6Zy7INTtSpl1F15HW6Wnqj0srWlkKLcpYl/gMIMJiyuGq2KeI2YFxUPjdlB+3Lc10seMLtL4cA=="],

    "yargs": ["yargs@17.7.3", "", { "dependencies": { "cliui": "^8.0.1", "escalade": "^3.1.1", "get-caller-file": "^2.0.5", "require-directory": "^2.1.1", "string-width": "^4.2.3", "y18n": "^5.0.5", "yargs-parser": "^21.1.1" } }, "sha512-GZtjxm/J/4TSxuL3FNYjCmLktBTnIw/rVmKSIyKeYAZpmJB2ig9VauCC5xsa82GNKVKDAqpOn3KVzNt0zmrU0g=="],

    "yargs-parser": ["yargs-parser@21.1.1", "", {}, "sha512-tVpsJW7DdjecAiFpbIB1e3qxIQsE6NoPc5/eTdrbbIC4h0LVsWhnoa3g+m2HclBIujHzsxZ4VJVA+GUuc2/LBw=="],

    "@grpc/proto-loader/protobufjs": ["protobufjs@7.6.4", "", { "dependencies": { "@protobufjs/aspromise": "^1.1.2", "@protobufjs/base64": "^1.1.2", "@protobufjs/codegen": "^2.0.5", "@protobufjs/eventemitter": "^1.1.1", "@protobufjs/fetch": "^1.1.1", "@protobufjs/float": "^1.0.2", "@protobufjs/path": "^1.1.2", "@protobufjs/pool": "^1.1.0", "@protobufjs/utf8": "^1.1.1", "@types/node": ">=13.7.0", "long": "^5.3.2" } }, "sha512-RJJPTTpvFfHcWLkIa2JFWK4XvtSzS0yEWDmunqHXli1h3JlkbcQZXDZdcWxv+JK3Xsl5/UFDPZ0iGm7DAengYw=="],

    "@opentelemetry/exporter-logs-otlp-grpc/@opentelemetry/otlp-exporter-base": ["@opentelemetry/otlp-exporter-base@0.217.0", "", { "dependencies": { "@opentelemetry/core": "2.7.1", "@opentelemetry/otlp-transformer": "0.217.0" }, "peerDependencies": { "@opentelemetry/api": "^1.3.0" } }, "sha512-eYfqnB3UhKu/5frhd1R6+FprKygbhkomuaceMXDyzxbfXB9tKgZOVmjaJ02CkLA6Tdzumxl+e2H+vo2a8jiMPQ=="],

    "@opentelemetry/exporter-logs-otlp-grpc/@opentelemetry/otlp-transformer": ["@opentelemetry/otlp-transformer@0.217.0", "", { "dependencies": { "@opentelemetry/api-logs": "0.217.0", "@opentelemetry/core": "2.7.1", "@opentelemetry/resources": "2.7.1", "@opentelemetry/sdk-logs": "0.217.0", "@opentelemetry/sdk-metrics": "2.7.1", "@opentelemetry/sdk-trace-base": "2.7.1", "protobufjs": "8.0.1" }, "peerDependencies": { "@opentelemetry/api": "^1.3.0" } }, "sha512-MKK8UHKFUOGAvbZRWh90MhwHG+Fxm6OROBdjKPCF+HQobjuJ/Kuf8Chs8CR45X1aqotxrMj7OxTdsXe8sXuGVA=="],

    "@opentelemetry/exporter-logs-otlp-grpc/@opentelemetry/sdk-logs": ["@opentelemetry/sdk-logs@0.217.0", "", { "dependencies": { "@opentelemetry/api-logs": "0.217.0", "@opentelemetry/core": "2.7.1", "@opentelemetry/resources": "2.7.1", "@opentelemetry/semantic-conventions": "^1.29.0" }, "peerDependencies": { "@opentelemetry/api": ">=1.4.0 <1.10.0" } }, "sha512-BB+PcHItcZDL63dPMW+mJvwN9rk37wuIDjRxbVlg6pPDvDR/7GL7UJHbGsllgoggOoTimsKgENaWPoGch/oE1A=="],

    "@opentelemetry/exporter-logs-otlp-http/@opentelemetry/api-logs": ["@opentelemetry/api-logs@0.217.0", "", { "dependencies": { "@opentelemetry/api": "^1.3.0" } }, "sha512-Cdq0jW2lknrNfrAm92MyEAvpe2cRsKjdnQLHUL6xRA4IVUnsWx6P65E7NcUO0Y+L4w1Aee5iV8FvjSwd+lrs9A=="],

    "@opentelemetry/exporter-logs-otlp-http/@opentelemetry/otlp-exporter-base": ["@opentelemetry/otlp-exporter-base@0.217.0", "", { "dependencies": { "@opentelemetry/core": "2.7.1", "@opentelemetry/otlp-transformer": "0.217.0" }, "peerDependencies": { "@opentelemetry/api": "^1.3.0" } }, "sha512-eYfqnB3UhKu/5frhd1R6+FprKygbhkomuaceMXDyzxbfXB9tKgZOVmjaJ02CkLA6Tdzumxl+e2H+vo2a8jiMPQ=="],

    "@opentelemetry/exporter-logs-otlp-http/@opentelemetry/otlp-transformer": ["@opentelemetry/otlp-transformer@0.217.0", "", { "dependencies": { "@opentelemetry/api-logs": "0.217.0", "@opentelemetry/core": "2.7.1", "@opentelemetry/resources": "2.7.1", "@opentelemetry/sdk-logs": "0.217.0", "@opentelemetry/sdk-metrics": "2.7.1", "@opentelemetry/sdk-trace-base": "2.7.1", "protobufjs": "8.0.1" }, "peerDependencies": { "@opentelemetry/api": "^1.3.0" } }, "sha512-MKK8UHKFUOGAvbZRWh90MhwHG+Fxm6OROBdjKPCF+HQobjuJ/Kuf8Chs8CR45X1aqotxrMj7OxTdsXe8sXuGVA=="],

    "@opentelemetry/exporter-logs-otlp-http/@opentelemetry/sdk-logs": ["@opentelemetry/sdk-logs@0.217.0", "", { "dependencies": { "@opentelemetry/api-logs": "0.217.0", "@opentelemetry/core": "2.7.1", "@opentelemetry/resources": "2.7.1", "@opentelemetry/semantic-conventions": "^1.29.0" }, "peerDependencies": { "@opentelemetry/api": ">=1.4.0 <1.10.0" } }, "sha512-BB+PcHItcZDL63dPMW+mJvwN9rk37wuIDjRxbVlg6pPDvDR/7GL7UJHbGsllgoggOoTimsKgENaWPoGch/oE1A=="],

    "@opentelemetry/exporter-logs-otlp-proto/@opentelemetry/api-logs": ["@opentelemetry/api-logs@0.217.0", "", { "dependencies": { "@opentelemetry/api": "^1.3.0" } }, "sha512-Cdq0jW2lknrNfrAm92MyEAvpe2cRsKjdnQLHUL6xRA4IVUnsWx6P65E7NcUO0Y+L4w1Aee5iV8FvjSwd+lrs9A=="],

    "@opentelemetry/exporter-logs-otlp-proto/@opentelemetry/otlp-exporter-base": ["@opentelemetry/otlp-exporter-base@0.217.0", "", { "dependencies": { "@opentelemetry/core": "2.7.1", "@opentelemetry/otlp-transformer": "0.217.0" }, "peerDependencies": { "@opentelemetry/api": "^1.3.0" } }, "sha512-eYfqnB3UhKu/5frhd1R6+FprKygbhkomuaceMXDyzxbfXB9tKgZOVmjaJ02CkLA6Tdzumxl+e2H+vo2a8jiMPQ=="],

    "@opentelemetry/exporter-logs-otlp-proto/@opentelemetry/otlp-transformer": ["@opentelemetry/otlp-transformer@0.217.0", "", { "dependencies": { "@opentelemetry/api-logs": "0.217.0", "@opentelemetry/core": "2.7.1", "@opentelemetry/resources": "2.7.1", "@opentelemetry/sdk-logs": "0.217.0", "@opentelemetry/sdk-metrics": "2.7.1", "@opentelemetry/sdk-trace-base": "2.7.1", "protobufjs": "8.0.1" }, "peerDependencies": { "@opentelemetry/api": "^1.3.0" } }, "sha512-MKK8UHKFUOGAvbZRWh90MhwHG+Fxm6OROBdjKPCF+HQobjuJ/Kuf8Chs8CR45X1aqotxrMj7OxTdsXe8sXuGVA=="],

    "@opentelemetry/exporter-logs-otlp-proto/@opentelemetry/sdk-logs": ["@opentelemetry/sdk-logs@0.217.0", "", { "dependencies": { "@opentelemetry/api-logs": "0.217.0", "@opentelemetry/core": "2.7.1", "@opentelemetry/resources": "2.7.1", "@opentelemetry/semantic-conventions": "^1.29.0" }, "peerDependencies": { "@opentelemetry/api": ">=1.4.0 <1.10.0" } }, "sha512-BB+PcHItcZDL63dPMW+mJvwN9rk37wuIDjRxbVlg6pPDvDR/7GL7UJHbGsllgoggOoTimsKgENaWPoGch/oE1A=="],

    "@opentelemetry/exporter-metrics-otlp-grpc/@opentelemetry/otlp-exporter-base": ["@opentelemetry/otlp-exporter-base@0.217.0", "", { "dependencies": { "@opentelemetry/core": "2.7.1", "@opentelemetry/otlp-transformer": "0.217.0" }, "peerDependencies": { "@opentelemetry/api": "^1.3.0" } }, "sha512-eYfqnB3UhKu/5frhd1R6+FprKygbhkomuaceMXDyzxbfXB9tKgZOVmjaJ02CkLA6Tdzumxl+e2H+vo2a8jiMPQ=="],

    "@opentelemetry/exporter-metrics-otlp-grpc/@opentelemetry/otlp-transformer": ["@opentelemetry/otlp-transformer@0.217.0", "", { "dependencies": { "@opentelemetry/api-logs": "0.217.0", "@opentelemetry/core": "2.7.1", "@opentelemetry/resources": "2.7.1", "@opentelemetry/sdk-logs": "0.217.0", "@opentelemetry/sdk-metrics": "2.7.1", "@opentelemetry/sdk-trace-base": "2.7.1", "protobufjs": "8.0.1" }, "peerDependencies": { "@opentelemetry/api": "^1.3.0" } }, "sha512-MKK8UHKFUOGAvbZRWh90MhwHG+Fxm6OROBdjKPCF+HQobjuJ/Kuf8Chs8CR45X1aqotxrMj7OxTdsXe8sXuGVA=="],

    "@opentelemetry/exporter-metrics-otlp-http/@opentelemetry/otlp-exporter-base": ["@opentelemetry/otlp-exporter-base@0.217.0", "", { "dependencies": { "@opentelemetry/core": "2.7.1", "@opentelemetry/otlp-transformer": "0.217.0" }, "peerDependencies": { "@opentelemetry/api": "^1.3.0" } }, "sha512-eYfqnB3UhKu/5frhd1R6+FprKygbhkomuaceMXDyzxbfXB9tKgZOVmjaJ02CkLA6Tdzumxl+e2H+vo2a8jiMPQ=="],

    "@opentelemetry/exporter-metrics-otlp-http/@opentelemetry/otlp-transformer": ["@opentelemetry/otlp-transformer@0.217.0", "", { "dependencies": { "@opentelemetry/api-logs": "0.217.0", "@opentelemetry/core": "2.7.1", "@opentelemetry/resources": "2.7.1", "@opentelemetry/sdk-logs": "0.217.0", "@opentelemetry/sdk-metrics": "2.7.1", "@opentelemetry/sdk-trace-base": "2.7.1", "protobufjs": "8.0.1" }, "peerDependencies": { "@opentelemetry/api": "^1.3.0" } }, "sha512-MKK8UHKFUOGAvbZRWh90MhwHG+Fxm6OROBdjKPCF+HQobjuJ/Kuf8Chs8CR45X1aqotxrMj7OxTdsXe8sXuGVA=="],

    "@opentelemetry/exporter-metrics-otlp-proto/@opentelemetry/otlp-exporter-base": ["@opentelemetry/otlp-exporter-base@0.217.0", "", { "dependencies": { "@opentelemetry/core": "2.7.1", "@opentelemetry/otlp-transformer": "0.217.0" }, "peerDependencies": { "@opentelemetry/api": "^1.3.0" } }, "sha512-eYfqnB3UhKu/5frhd1R6+FprKygbhkomuaceMXDyzxbfXB9tKgZOVmjaJ02CkLA6Tdzumxl+e2H+vo2a8jiMPQ=="],

    "@opentelemetry/exporter-metrics-otlp-proto/@opentelemetry/otlp-transformer": ["@opentelemetry/otlp-transformer@0.217.0", "", { "dependencies": { "@opentelemetry/api-logs": "0.217.0", "@opentelemetry/core": "2.7.1", "@opentelemetry/resources": "2.7.1", "@opentelemetry/sdk-logs": "0.217.0", "@opentelemetry/sdk-metrics": "2.7.1", "@opentelemetry/sdk-trace-base": "2.7.1", "protobufjs": "8.0.1" }, "peerDependencies": { "@opentelemetry/api": "^1.3.0" } }, "sha512-MKK8UHKFUOGAvbZRWh90MhwHG+Fxm6OROBdjKPCF+HQobjuJ/Kuf8Chs8CR45X1aqotxrMj7OxTdsXe8sXuGVA=="],

    "@opentelemetry/exporter-trace-otlp-grpc/@opentelemetry/otlp-exporter-base": ["@opentelemetry/otlp-exporter-base@0.217.0", "", { "dependencies": { "@opentelemetry/core": "2.7.1", "@opentelemetry/otlp-transformer": "0.217.0" }, "peerDependencies": { "@opentelemetry/api": "^1.3.0" } }, "sha512-eYfqnB3UhKu/5frhd1R6+FprKygbhkomuaceMXDyzxbfXB9tKgZOVmjaJ02CkLA6Tdzumxl+e2H+vo2a8jiMPQ=="],

    "@opentelemetry/exporter-trace-otlp-grpc/@opentelemetry/otlp-transformer": ["@opentelemetry/otlp-transformer@0.217.0", "", { "dependencies": { "@opentelemetry/api-logs": "0.217.0", "@opentelemetry/core": "2.7.1", "@opentelemetry/resources": "2.7.1", "@opentelemetry/sdk-logs": "0.217.0", "@opentelemetry/sdk-metrics": "2.7.1", "@opentelemetry/sdk-trace-base": "2.7.1", "protobufjs": "8.0.1" }, "peerDependencies": { "@opentelemetry/api": "^1.3.0" } }, "sha512-MKK8UHKFUOGAvbZRWh90MhwHG+Fxm6OROBdjKPCF+HQobjuJ/Kuf8Chs8CR45X1aqotxrMj7OxTdsXe8sXuGVA=="],

    "@opentelemetry/exporter-trace-otlp-proto/@opentelemetry/otlp-exporter-base": ["@opentelemetry/otlp-exporter-base@0.217.0", "", { "dependencies": { "@opentelemetry/core": "2.7.1", "@opentelemetry/otlp-transformer": "0.217.0" }, "peerDependencies": { "@opentelemetry/api": "^1.3.0" } }, "sha512-eYfqnB3UhKu/5frhd1R6+FprKygbhkomuaceMXDyzxbfXB9tKgZOVmjaJ02CkLA6Tdzumxl+e2H+vo2a8jiMPQ=="],

    "@opentelemetry/exporter-trace-otlp-proto/@opentelemetry/otlp-transformer": ["@opentelemetry/otlp-transformer@0.217.0", "", { "dependencies": { "@opentelemetry/api-logs": "0.217.0", "@opentelemetry/core": "2.7.1", "@opentelemetry/resources": "2.7.1", "@opentelemetry/sdk-logs": "0.217.0", "@opentelemetry/sdk-metrics": "2.7.1", "@opentelemetry/sdk-trace-base": "2.7.1", "protobufjs": "8.0.1" }, "peerDependencies": { "@opentelemetry/api": "^1.3.0" } }, "sha512-MKK8UHKFUOGAvbZRWh90MhwHG+Fxm6OROBdjKPCF+HQobjuJ/Kuf8Chs8CR45X1aqotxrMj7OxTdsXe8sXuGVA=="],

    "@opentelemetry/otlp-grpc-exporter-base/@opentelemetry/otlp-exporter-base": ["@opentelemetry/otlp-exporter-base@0.217.0", "", { "dependencies": { "@opentelemetry/core": "2.7.1", "@opentelemetry/otlp-transformer": "0.217.0" }, "peerDependencies": { "@opentelemetry/api": "^1.3.0" } }, "sha512-eYfqnB3UhKu/5frhd1R6+FprKygbhkomuaceMXDyzxbfXB9tKgZOVmjaJ02CkLA6Tdzumxl+e2H+vo2a8jiMPQ=="],

    "@opentelemetry/otlp-grpc-exporter-base/@opentelemetry/otlp-transformer": ["@opentelemetry/otlp-transformer@0.217.0", "", { "dependencies": { "@opentelemetry/api-logs": "0.217.0", "@opentelemetry/core": "2.7.1", "@opentelemetry/resources": "2.7.1", "@opentelemetry/sdk-logs": "0.217.0", "@opentelemetry/sdk-metrics": "2.7.1", "@opentelemetry/sdk-trace-base": "2.7.1", "protobufjs": "8.0.1" }, "peerDependencies": { "@opentelemetry/api": "^1.3.0" } }, "sha512-MKK8UHKFUOGAvbZRWh90MhwHG+Fxm6OROBdjKPCF+HQobjuJ/Kuf8Chs8CR45X1aqotxrMj7OxTdsXe8sXuGVA=="],

    "@opentelemetry/sdk-node/@opentelemetry/api-logs": ["@opentelemetry/api-logs@0.217.0", "", { "dependencies": { "@opentelemetry/api": "^1.3.0" } }, "sha512-Cdq0jW2lknrNfrAm92MyEAvpe2cRsKjdnQLHUL6xRA4IVUnsWx6P65E7NcUO0Y+L4w1Aee5iV8FvjSwd+lrs9A=="],

    "@opentelemetry/sdk-node/@opentelemetry/exporter-trace-otlp-http": ["@opentelemetry/exporter-trace-otlp-http@0.217.0", "", { "dependencies": { "@opentelemetry/core": "2.7.1", "@opentelemetry/otlp-exporter-base": "0.217.0", "@opentelemetry/otlp-transformer": "0.217.0", "@opentelemetry/resources": "2.7.1", "@opentelemetry/sdk-trace-base": "2.7.1" }, "peerDependencies": { "@opentelemetry/api": "^1.3.0" } }, "sha512-38YQoqtYjglz2GV94LGUN/djLvxtvGIQO68o6qAFPVshjmwSdX1F2i0c7vn3lEl1L5B/YqjB/bgKXaVx7KO+RQ=="],

    "@opentelemetry/sdk-node/@opentelemetry/instrumentation": ["@opentelemetry/instrumentation@0.217.0", "", { "dependencies": { "@opentelemetry/api-logs": "0.217.0", "import-in-the-middle": "^3.0.0", "require-in-the-middle": "^8.0.0" }, "peerDependencies": { "@opentelemetry/api": "^1.3.0" } }, "sha512-24ucQMjz7Y34Kw3trbxL2ZrssbtgWnR+Clpaa+YdeWuuyH3Cvk23Q03PcQvqiZrDvt8AmQmjgg9v6Y9PHoxG7w=="],

    "@opentelemetry/sdk-node/@opentelemetry/otlp-exporter-base": ["@opentelemetry/otlp-exporter-base@0.217.0", "", { "dependencies": { "@opentelemetry/core": "2.7.1", "@opentelemetry/otlp-transformer": "0.217.0" }, "peerDependencies": { "@opentelemetry/api": "^1.3.0" } }, "sha512-eYfqnB3UhKu/5frhd1R6+FprKygbhkomuaceMXDyzxbfXB9tKgZOVmjaJ02CkLA6Tdzumxl+e2H+vo2a8jiMPQ=="],

    "@opentelemetry/sdk-node/@opentelemetry/sdk-logs": ["@opentelemetry/sdk-logs@0.217.0", "", { "dependencies": { "@opentelemetry/api-logs": "0.217.0", "@opentelemetry/core": "2.7.1", "@opentelemetry/resources": "2.7.1", "@opentelemetry/semantic-conventions": "^1.29.0" }, "peerDependencies": { "@opentelemetry/api": ">=1.4.0 <1.10.0" } }, "sha512-BB+PcHItcZDL63dPMW+mJvwN9rk37wuIDjRxbVlg6pPDvDR/7GL7UJHbGsllgoggOoTimsKgENaWPoGch/oE1A=="],

    "@opentelemetry/exporter-logs-otlp-grpc/@opentelemetry/otlp-transformer/@opentelemetry/api-logs": ["@opentelemetry/api-logs@0.217.0", "", { "dependencies": { "@opentelemetry/api": "^1.3.0" } }, "sha512-Cdq0jW2lknrNfrAm92MyEAvpe2cRsKjdnQLHUL6xRA4IVUnsWx6P65E7NcUO0Y+L4w1Aee5iV8FvjSwd+lrs9A=="],

    "@opentelemetry/exporter-logs-otlp-grpc/@opentelemetry/sdk-logs/@opentelemetry/api-logs": ["@opentelemetry/api-logs@0.217.0", "", { "dependencies": { "@opentelemetry/api": "^1.3.0" } }, "sha512-Cdq0jW2lknrNfrAm92MyEAvpe2cRsKjdnQLHUL6xRA4IVUnsWx6P65E7NcUO0Y+L4w1Aee5iV8FvjSwd+lrs9A=="],

    "@opentelemetry/exporter-metrics-otlp-grpc/@opentelemetry/otlp-transformer/@opentelemetry/api-logs": ["@opentelemetry/api-logs@0.217.0", "", { "dependencies": { "@opentelemetry/api": "^1.3.0" } }, "sha512-Cdq0jW2lknrNfrAm92MyEAvpe2cRsKjdnQLHUL6xRA4IVUnsWx6P65E7NcUO0Y+L4w1Aee5iV8FvjSwd+lrs9A=="],

    "@opentelemetry/exporter-metrics-otlp-grpc/@opentelemetry/otlp-transformer/@opentelemetry/sdk-logs": ["@opentelemetry/sdk-logs@0.217.0", "", { "dependencies": { "@opentelemetry/api-logs": "0.217.0", "@opentelemetry/core": "2.7.1", "@opentelemetry/resources": "2.7.1", "@opentelemetry/semantic-conventions": "^1.29.0" }, "peerDependencies": { "@opentelemetry/api": ">=1.4.0 <1.10.0" } }, "sha512-BB+PcHItcZDL63dPMW+mJvwN9rk37wuIDjRxbVlg6pPDvDR/7GL7UJHbGsllgoggOoTimsKgENaWPoGch/oE1A=="],

    "@opentelemetry/exporter-metrics-otlp-http/@opentelemetry/otlp-transformer/@opentelemetry/api-logs": ["@opentelemetry/api-logs@0.217.0", "", { "dependencies": { "@opentelemetry/api": "^1.3.0" } }, "sha512-Cdq0jW2lknrNfrAm92MyEAvpe2cRsKjdnQLHUL6xRA4IVUnsWx6P65E7NcUO0Y+L4w1Aee5iV8FvjSwd+lrs9A=="],

    "@opentelemetry/exporter-metrics-otlp-http/@opentelemetry/otlp-transformer/@opentelemetry/sdk-logs": ["@opentelemetry/sdk-logs@0.217.0", "", { "dependencies": { "@opentelemetry/api-logs": "0.217.0", "@opentelemetry/core": "2.7.1", "@opentelemetry/resources": "2.7.1", "@opentelemetry/semantic-conventions": "^1.29.0" }, "peerDependencies": { "@opentelemetry/api": ">=1.4.0 <1.10.0" } }, "sha512-BB+PcHItcZDL63dPMW+mJvwN9rk37wuIDjRxbVlg6pPDvDR/7GL7UJHbGsllgoggOoTimsKgENaWPoGch/oE1A=="],

    "@opentelemetry/exporter-metrics-otlp-proto/@opentelemetry/otlp-transformer/@opentelemetry/api-logs": ["@opentelemetry/api-logs@0.217.0", "", { "dependencies": { "@opentelemetry/api": "^1.3.0" } }, "sha512-Cdq0jW2lknrNfrAm92MyEAvpe2cRsKjdnQLHUL6xRA4IVUnsWx6P65E7NcUO0Y+L4w1Aee5iV8FvjSwd+lrs9A=="],

    "@opentelemetry/exporter-metrics-otlp-proto/@opentelemetry/otlp-transformer/@opentelemetry/sdk-logs": ["@opentelemetry/sdk-logs@0.217.0", "", { "dependencies": { "@opentelemetry/api-logs": "0.217.0", "@opentelemetry/core": "2.7.1", "@opentelemetry/resources": "2.7.1", "@opentelemetry/semantic-conventions": "^1.29.0" }, "peerDependencies": { "@opentelemetry/api": ">=1.4.0 <1.10.0" } }, "sha512-BB+PcHItcZDL63dPMW+mJvwN9rk37wuIDjRxbVlg6pPDvDR/7GL7UJHbGsllgoggOoTimsKgENaWPoGch/oE1A=="],

    "@opentelemetry/exporter-trace-otlp-grpc/@opentelemetry/otlp-transformer/@opentelemetry/api-logs": ["@opentelemetry/api-logs@0.217.0", "", { "dependencies": { "@opentelemetry/api": "^1.3.0" } }, "sha512-Cdq0jW2lknrNfrAm92MyEAvpe2cRsKjdnQLHUL6xRA4IVUnsWx6P65E7NcUO0Y+L4w1Aee5iV8FvjSwd+lrs9A=="],

    "@opentelemetry/exporter-trace-otlp-grpc/@opentelemetry/otlp-transformer/@opentelemetry/sdk-logs": ["@opentelemetry/sdk-logs@0.217.0", "", { "dependencies": { "@opentelemetry/api-logs": "0.217.0", "@opentelemetry/core": "2.7.1", "@opentelemetry/resources": "2.7.1", "@opentelemetry/semantic-conventions": "^1.29.0" }, "peerDependencies": { "@opentelemetry/api": ">=1.4.0 <1.10.0" } }, "sha512-BB+PcHItcZDL63dPMW+mJvwN9rk37wuIDjRxbVlg6pPDvDR/7GL7UJHbGsllgoggOoTimsKgENaWPoGch/oE1A=="],

    "@opentelemetry/exporter-trace-otlp-proto/@opentelemetry/otlp-transformer/@opentelemetry/api-logs": ["@opentelemetry/api-logs@0.217.0", "", { "dependencies": { "@opentelemetry/api": "^1.3.0" } }, "sha512-Cdq0jW2lknrNfrAm92MyEAvpe2cRsKjdnQLHUL6xRA4IVUnsWx6P65E7NcUO0Y+L4w1Aee5iV8FvjSwd+lrs9A=="],

    "@opentelemetry/exporter-trace-otlp-proto/@opentelemetry/otlp-transformer/@opentelemetry/sdk-logs": ["@opentelemetry/sdk-logs@0.217.0", "", { "dependencies": { "@opentelemetry/api-logs": "0.217.0", "@opentelemetry/core": "2.7.1", "@opentelemetry/resources": "2.7.1", "@opentelemetry/semantic-conventions": "^1.29.0" }, "peerDependencies": { "@opentelemetry/api": ">=1.4.0 <1.10.0" } }, "sha512-BB+PcHItcZDL63dPMW+mJvwN9rk37wuIDjRxbVlg6pPDvDR/7GL7UJHbGsllgoggOoTimsKgENaWPoGch/oE1A=="],

    "@opentelemetry/otlp-grpc-exporter-base/@opentelemetry/otlp-transformer/@opentelemetry/api-logs": ["@opentelemetry/api-logs@0.217.0", "", { "dependencies": { "@opentelemetry/api": "^1.3.0" } }, "sha512-Cdq0jW2lknrNfrAm92MyEAvpe2cRsKjdnQLHUL6xRA4IVUnsWx6P65E7NcUO0Y+L4w1Aee5iV8FvjSwd+lrs9A=="],

    "@opentelemetry/otlp-grpc-exporter-base/@opentelemetry/otlp-transformer/@opentelemetry/sdk-logs": ["@opentelemetry/sdk-logs@0.217.0", "", { "dependencies": { "@opentelemetry/api-logs": "0.217.0", "@opentelemetry/core": "2.7.1", "@opentelemetry/resources": "2.7.1", "@opentelemetry/semantic-conventions": "^1.29.0" }, "peerDependencies": { "@opentelemetry/api": ">=1.4.0 <1.10.0" } }, "sha512-BB+PcHItcZDL63dPMW+mJvwN9rk37wuIDjRxbVlg6pPDvDR/7GL7UJHbGsllgoggOoTimsKgENaWPoGch/oE1A=="],

    "@opentelemetry/sdk-node/@opentelemetry/exporter-trace-otlp-http/@opentelemetry/otlp-transformer": ["@opentelemetry/otlp-transformer@0.217.0", "", { "dependencies": { "@opentelemetry/api-logs": "0.217.0", "@opentelemetry/core": "2.7.1", "@opentelemetry/resources": "2.7.1", "@opentelemetry/sdk-logs": "0.217.0", "@opentelemetry/sdk-metrics": "2.7.1", "@opentelemetry/sdk-trace-base": "2.7.1", "protobufjs": "8.0.1" }, "peerDependencies": { "@opentelemetry/api": "^1.3.0" } }, "sha512-MKK8UHKFUOGAvbZRWh90MhwHG+Fxm6OROBdjKPCF+HQobjuJ/Kuf8Chs8CR45X1aqotxrMj7OxTdsXe8sXuGVA=="],

    "@opentelemetry/sdk-node/@opentelemetry/otlp-exporter-base/@opentelemetry/otlp-transformer": ["@opentelemetry/otlp-transformer@0.217.0", "", { "dependencies": { "@opentelemetry/api-logs": "0.217.0", "@opentelemetry/core": "2.7.1", "@opentelemetry/resources": "2.7.1", "@opentelemetry/sdk-logs": "0.217.0", "@opentelemetry/sdk-metrics": "2.7.1", "@opentelemetry/sdk-trace-base": "2.7.1", "protobufjs": "8.0.1" }, "peerDependencies": { "@opentelemetry/api": "^1.3.0" } }, "sha512-MKK8UHKFUOGAvbZRWh90MhwHG+Fxm6OROBdjKPCF+HQobjuJ/Kuf8Chs8CR45X1aqotxrMj7OxTdsXe8sXuGVA=="],
  }
}
